
Microsoft Visual Studio Solution File, Format Version 11.00
# Visual Studio 2010
Project("{FAE04EC0-301F-11D3-BF4B-00C04F79EFBC}") = "CodeFirstConfigLib", "CodeFirstConfigLib\CodeFirstConfigLib.csproj", "{61244B41-93D2-4441-8A4A-812837D233E6}"
EndProject
Project("{FAE04EC0-301F-11D3-BF4B-00C04F79EFBC}") = "CodeFirstConfigLibTest", "CodeFirstConfigLibTest\CodeFirstConfigLibTest.csproj", "{B52004EE-C57D-4C72-8884-0623EC0E27DD}"
EndProject
Global
	GlobalSection(SolutionConfigurationPlatforms) = preSolution
		Debug|Any CPU = Debug|Any CPU
		Release|Any CPU = Release|Any CPU
	EndGlobalSection
	GlobalSection(ProjectConfigurationPlatforms) = postSolution
		{61244B41-93D2-4441-8A4A-812837D233E6}.Debug|Any CPU.ActiveCfg = Debug|Any CPU
		{61244B41-93D2-4441-8A4A-812837D233E6}.Debug|Any CPU.Build.0 = Debug|Any CPU
		{61244B41-93D2-4441-8A4A-812837D233E6}.Release|Any CPU.ActiveCfg = Release|Any CPU
		{61244B41-93D2-4441-8A4A-812837D233E6}.Release|Any CPU.Build.0 = Release|Any CPU
		{B52004EE-C57D-4C72-8884-0623EC0E27DD}.Debug|Any CPU.ActiveCfg = Debug|Any CPU
		{B52004EE-C57D-4C72-8884-0623EC0E27DD}.Debug|Any CPU.Build.0 = Debug|Any CPU
		{B52004EE-C57D-4C72-8884-0623EC0E27DD}.Release|Any CPU.ActiveCfg = Release|Any CPU
		{B52004EE-C57D-4C72-8884-0623EC0E27DD}.Release|Any CPU.Build.0 = Release|Any CPU
	EndGlobalSection
	GlobalSection(SolutionProperties) = preSolution
		HideSolutionNode = FALSE
	EndGlobalSection
EndGlobal
